
Microsoft Visual Studio Solution File, Format Version 12.00
# Visual Studio Version 17
VisualStudioVersion = 17.11.35222.181
MinimumVisualStudioVersion = 10.0.40219.1
Project("{FAE04EC0-301F-11D3-BF4B-00C04F79EFBC}") = "FinanceApp", "FinanceApp.csproj", "{02DA8071-7B4D-4787-B297-D0603AFE7F53}"
EndProject
Global
	GlobalSection(SolutionConfigurationPlatforms) = preSolution
		Debug|Any CPU = Debug|Any CPU
		Release|Any CPU = Release|Any CPU
	EndGlobalSection
	GlobalSection(ProjectConfigurationPlatforms) = postSolution
		{02DA8071-7B4D-4787-B297-D0603AFE7F53}.Debug|Any CPU.ActiveCfg = Debug|Any CPU
		{02DA8071-7B4D-4787-B297-D0603AFE7F53}.Debug|Any CPU.Build.0 = Debug|Any CPU
		{02DA8071-7B4D-4787-B297-D0603AFE7F53}.Release|Any CPU.ActiveCfg = Release|Any CPU
		{02DA8071-7B4D-4787-B297-D0603AFE7F53}.Release|Any CPU.Build.0 = Release|Any CPU
	EndGlobalSection
	GlobalSection(SolutionProperties) = preSolution
		HideSolutionNode = FALSE
	EndGlobalSection
	GlobalSection(ExtensibilityGlobals) = postSolution
		SolutionGuid = {3120E6B7-E4C5-45D8-A3EC-500268C84CE6}
	EndGlobalSection
EndGlobal
